// !$*UTF8*$!
{
	archiveVersion = 1;
	classes = {
	};
	objectVersion = 56;
	objects = {

/* Begin PBXBuildFile section */
		0E21CA0129A7299EADAF2A29 /* Pods_Travelify.framework in Frameworks */ = {isa = PBXBuildFile; fileRef = 5C258C1F34FF94980BF80E67 /* Pods_Travelify.framework */; };
		B41547BB2A91054300CD3AA8 /* DetailViewController.swift in Sources */ = {isa = PBXBuildFile; fileRef = B41547B92A91054300CD3AA8 /* DetailViewController.swift */; };
		B41547BC2A91054300CD3AA8 /* DetailViewController.xib in Resources */ = {isa = PBXBuildFile; fileRef = B41547BA2A91054300CD3AA8 /* DetailViewController.xib */; };
		B42079C72A6A69D4008AA03F /* ExtensionHexColor.swift in Sources */ = {isa = PBXBuildFile; fileRef = B42079C62A6A69D4008AA03F /* ExtensionHexColor.swift */; };
		B42079CB2A6A6F26008AA03F /* LoginViewController.swift in Sources */ = {isa = PBXBuildFile; fileRef = B42079C92A6A6F26008AA03F /* LoginViewController.swift */; };
		B42079CC2A6A6F26008AA03F /* LoginViewController.xib in Resources */ = {isa = PBXBuildFile; fileRef = B42079CA2A6A6F26008AA03F /* LoginViewController.xib */; };
		B42079CF2A6A7859008AA03F /* ExtensionShowloading.swift in Sources */ = {isa = PBXBuildFile; fileRef = B42079CE2A6A7859008AA03F /* ExtensionShowloading.swift */; };
		B42079D32A6A7F9A008AA03F /* ForgotPasswordViewController.swift in Sources */ = {isa = PBXBuildFile; fileRef = B42079D12A6A7F9A008AA03F /* ForgotPasswordViewController.swift */; };
		B42079D42A6A7F9A008AA03F /* ForgotPasswordViewController.xib in Resources */ = {isa = PBXBuildFile; fileRef = B42079D22A6A7F9A008AA03F /* ForgotPasswordViewController.xib */; };
		B445E7B22A7A8C7E00766405 /* ProfileViewController.swift in Sources */ = {isa = PBXBuildFile; fileRef = B445E7B02A7A8C7E00766405 /* ProfileViewController.swift */; };
		B445E7B32A7A8C7E00766405 /* ProfileViewController.xib in Resources */ = {isa = PBXBuildFile; fileRef = B445E7B12A7A8C7E00766405 /* ProfileViewController.xib */; };
		B445E7B92A7B9D9200766405 /* EditProfileViewController.swift in Sources */ = {isa = PBXBuildFile; fileRef = B445E7B72A7B9D9200766405 /* EditProfileViewController.swift */; };
		B445E7BA2A7B9D9200766405 /* EditProfileViewController.xib in Resources */ = {isa = PBXBuildFile; fileRef = B445E7B82A7B9D9200766405 /* EditProfileViewController.xib */; };
		B449FE352A655886003960B1 /* OnboardingViewController.xib in Resources */ = {isa = PBXBuildFile; fileRef = B449FE342A655886003960B1 /* OnboardingViewController.xib */; };
		B449FE3E2A693CA6003960B1 /* UserDefaultsService.swift in Sources */ = {isa = PBXBuildFile; fileRef = B449FE3D2A693CA6003960B1 /* UserDefaultsService.swift */; };
		B449FE402A693E2F003960B1 /* RegisterViewController.xib in Resources */ = {isa = PBXBuildFile; fileRef = B449FE3F2A693E2F003960B1 /* RegisterViewController.xib */; };
		B44E7A932A8B8E6A005B851F /* ChooseEntryPointViewController.swift in Sources */ = {isa = PBXBuildFile; fileRef = B44E7A912A8B8E6A005B851F /* ChooseEntryPointViewController.swift */; };
		B44E7A942A8B8E6A005B851F /* ChooseEntryPointViewController.xib in Resources */ = {isa = PBXBuildFile; fileRef = B44E7A922A8B8E6A005B851F /* ChooseEntryPointViewController.xib */; };
		B44F54162AA3C40E005844EE /* AllReviewsViewController.swift in Sources */ = {isa = PBXBuildFile; fileRef = B44F54142AA3C40E005844EE /* AllReviewsViewController.swift */; };
		B44F54172AA3C40E005844EE /* AllReviewsViewController.xib in Resources */ = {isa = PBXBuildFile; fileRef = B44F54152AA3C40E005844EE /* AllReviewsViewController.xib */; };
		B45B79BC2A95ACBC0072AB19 /* NoInternetAccessViewController.swift in Sources */ = {isa = PBXBuildFile; fileRef = B45B79BA2A95ACBC0072AB19 /* NoInternetAccessViewController.swift */; };
		B45B79BD2A95ACBC0072AB19 /* NoInternetAccessViewController.xib in Resources */ = {isa = PBXBuildFile; fileRef = B45B79BB2A95ACBC0072AB19 /* NoInternetAccessViewController.xib */; };
		B45B79BF2A95ACDA0072AB19 /* NetworkMonitor.swift in Sources */ = {isa = PBXBuildFile; fileRef = B45B79BE2A95ACDA0072AB19 /* NetworkMonitor.swift */; };
		B45B79C52A9637E60072AB19 /* MainTabbarViewController.swift in Sources */ = {isa = PBXBuildFile; fileRef = B45B79C32A9637E60072AB19 /* MainTabbarViewController.swift */; };
		B45B79C62A9637E60072AB19 /* MainTabbarViewController.xib in Resources */ = {isa = PBXBuildFile; fileRef = B45B79C42A9637E60072AB19 /* MainTabbarViewController.xib */; };
		B45B79C82A974E370072AB19 /* CustomStyleTabBarContentView.swift in Sources */ = {isa = PBXBuildFile; fileRef = B45B79C72A974E370072AB19 /* CustomStyleTabBarContentView.swift */; };
		B45B79CB2A9A04910072AB19 /* ObjectToDictionary.swift in Sources */ = {isa = PBXBuildFile; fileRef = B45B79CA2A9A04910072AB19 /* ObjectToDictionary.swift */; };
		B45B79CD2A9A1B210072AB19 /* PlaceModel.swift in Sources */ = {isa = PBXBuildFile; fileRef = B45B79CC2A9A1B210072AB19 /* PlaceModel.swift */; };
		B483C5A02A57FD2A004DD3AA /* AppDelegate.swift in Sources */ = {isa = PBXBuildFile; fileRef = B483C59F2A57FD2A004DD3AA /* AppDelegate.swift */; };
		B483C5A22A57FD2A004DD3AA /* SceneDelegate.swift in Sources */ = {isa = PBXBuildFile; fileRef = B483C5A12A57FD2A004DD3AA /* SceneDelegate.swift */; };
		B483C5A42A57FD2A004DD3AA /* ViewController.swift in Sources */ = {isa = PBXBuildFile; fileRef = B483C5A32A57FD2A004DD3AA /* ViewController.swift */; };
		B483C5A72A57FD2A004DD3AA /* Main.storyboard in Resources */ = {isa = PBXBuildFile; fileRef = B483C5A52A57FD2A004DD3AA /* Main.storyboard */; };
		B483C5A92A57FD2C004DD3AA /* Assets.xcassets in Resources */ = {isa = PBXBuildFile; fileRef = B483C5A82A57FD2C004DD3AA /* Assets.xcassets */; };
		B483C5AC2A57FD2C004DD3AA /* LaunchScreen.storyboard in Resources */ = {isa = PBXBuildFile; fileRef = B483C5AA2A57FD2C004DD3AA /* LaunchScreen.storyboard */; };
		B483C5B52A57FEB7004DD3AA /* OnboardingViewController.swift in Sources */ = {isa = PBXBuildFile; fileRef = B483C5B32A57FEB7004DD3AA /* OnboardingViewController.swift */; };
		B483C5BC2A57FF66004DD3AA /* OnboardingCollectionViewCell.swift in Sources */ = {isa = PBXBuildFile; fileRef = B483C5BA2A57FF66004DD3AA /* OnboardingCollectionViewCell.swift */; };
		B483C5BD2A57FF66004DD3AA /* OnboardingCollectionViewCell.xib in Resources */ = {isa = PBXBuildFile; fileRef = B483C5BB2A57FF66004DD3AA /* OnboardingCollectionViewCell.xib */; };
		B483C5C22A5836EB004DD3AA /* RegisterViewController.swift in Sources */ = {isa = PBXBuildFile; fileRef = B483C5C12A5836EB004DD3AA /* RegisterViewController.swift */; };
		B4854D972A84129500C9BB6F /* ProfileModel.swift in Sources */ = {isa = PBXBuildFile; fileRef = B4854D962A84129500C9BB6F /* ProfileModel.swift */; };
		B4854D9B2A8B47D300C9BB6F /* GoogleService-Info.plist in Resources */ = {isa = PBXBuildFile; fileRef = B4854D9A2A8B47D200C9BB6F /* GoogleService-Info.plist */; };
		B488ED362A9BC0C800690E96 /* AllInformationViewController.swift in Sources */ = {isa = PBXBuildFile; fileRef = B488ED342A9BC0C800690E96 /* AllInformationViewController.swift */; };
		B488ED372A9BC0C800690E96 /* AllInformationViewController.xib in Resources */ = {isa = PBXBuildFile; fileRef = B488ED352A9BC0C800690E96 /* AllInformationViewController.xib */; };
		B488ED392A9DE10B00690E96 /* FirebaseManager.swift in Sources */ = {isa = PBXBuildFile; fileRef = B488ED382A9DE10B00690E96 /* FirebaseManager.swift */; };
		B4B045A12AA7C3AF00460752 /* AllPhotosViewController.swift in Sources */ = {isa = PBXBuildFile; fileRef = B4B0459F2AA7C3AF00460752 /* AllPhotosViewController.swift */; };
		B4B045A22AA7C3AF00460752 /* AllPhotosViewController.xib in Resources */ = {isa = PBXBuildFile; fileRef = B4B045A02AA7C3AF00460752 /* AllPhotosViewController.xib */; };
		B4B045A62AACDCA200460752 /* LoadingTableViewCell.swift in Sources */ = {isa = PBXBuildFile; fileRef = B4B045A42AACDCA200460752 /* LoadingTableViewCell.swift */; };
		B4B045A72AACDCA200460752 /* LoadingTableViewCell.xib in Resources */ = {isa = PBXBuildFile; fileRef = B4B045A52AACDCA200460752 /* LoadingTableViewCell.xib */; };
		B4B045AE2AACF9F100460752 /* LoadingCollectionReusableView.swift in Sources */ = {isa = PBXBuildFile; fileRef = B4B045AC2AACF9F100460752 /* LoadingCollectionReusableView.swift */; };
		B4B045AF2AACF9F100460752 /* LoadingCollectionReusableView.xib in Resources */ = {isa = PBXBuildFile; fileRef = B4B045AD2AACF9F100460752 /* LoadingCollectionReusableView.xib */; };
		B4B7DFAF2A73C76E00159B7B /* HandleFirebaseErrorExtension.swift in Sources */ = {isa = PBXBuildFile; fileRef = B4B7DFAE2A73C76E00159B7B /* HandleFirebaseErrorExtension.swift */; };
		B4B7DFB82A75907B00159B7B /* HomeViewController.swift in Sources */ = {isa = PBXBuildFile; fileRef = B4B7DFB62A75907B00159B7B /* HomeViewController.swift */; };
		B4B7DFB92A75907B00159B7B /* HomeViewController.xib in Resources */ = {isa = PBXBuildFile; fileRef = B4B7DFB72A75907B00159B7B /* HomeViewController.xib */; };
		B4B7DFBD2A7592D000159B7B /* SuggestCollectionViewCell.swift in Sources */ = {isa = PBXBuildFile; fileRef = B4B7DFBB2A7592D000159B7B /* SuggestCollectionViewCell.swift */; };
		B4B7DFBE2A7592D000159B7B /* SuggestCollectionViewCell.xib in Resources */ = {isa = PBXBuildFile; fileRef = B4B7DFBC2A7592D000159B7B /* SuggestCollectionViewCell.xib */; };
		B4B7DFC32A759C4F00159B7B /* HighRatingTableViewCell.swift in Sources */ = {isa = PBXBuildFile; fileRef = B4B7DFC12A759C4F00159B7B /* HighRatingTableViewCell.swift */; };
		B4B7DFC42A759C4F00159B7B /* HighRatingTableViewCell.xib in Resources */ = {isa = PBXBuildFile; fileRef = B4B7DFC22A759C4F00159B7B /* HighRatingTableViewCell.xib */; };
		B4BAAD432A6E618600599DB8 /* Validator.swift in Sources */ = {isa = PBXBuildFile; fileRef = B4BAAD422A6E618600599DB8 /* Validator.swift */; };
		B4BAAD452A70426500599DB8 /* CustomUITextField.swift in Sources */ = {isa = PBXBuildFile; fileRef = B4BAAD442A70426500599DB8 /* CustomUITextField.swift */; };
		B4CBAE2A2A91DB9500301587 /* RatingTableViewCell.swift in Sources */ = {isa = PBXBuildFile; fileRef = B4CBAE282A91DB9500301587 /* RatingTableViewCell.swift */; };
		B4CBAE2B2A91DB9600301587 /* RatingTableViewCell.xib in Resources */ = {isa = PBXBuildFile; fileRef = B4CBAE292A91DB9500301587 /* RatingTableViewCell.xib */; };
		B4CBAE302A91E39E00301587 /* CornerRadius.swift in Sources */ = {isa = PBXBuildFile; fileRef = B4CBAE2F2A91E39E00301587 /* CornerRadius.swift */; };
		B4CBAE322A91EA0B00301587 /* CosmosView.swift in Sources */ = {isa = PBXBuildFile; fileRef = B4CBAE312A91EA0B00301587 /* CosmosView.swift */; };
		B4EC4C292A76D581008A60D4 /* GradientView.swift in Sources */ = {isa = PBXBuildFile; fileRef = B4EC4C282A76D581008A60D4 /* GradientView.swift */; };
/* End PBXBuildFile section */

/* Begin PBXFileReference section */
		2F3CE1F246B10BD3AD6DFAC0 /* Pods-Travelify.debug.xcconfig */ = {isa = PBXFileReference; includeInIndex = 1; lastKnownFileType = text.xcconfig; name = "Pods-Travelify.debug.xcconfig"; path = "Target Support Files/Pods-Travelify/Pods-Travelify.debug.xcconfig"; sourceTree = "<group>"; };
		3E701AA646B6A5490CCB4586 /* Pods-Travelify.release.xcconfig */ = {isa = PBXFileReference; includeInIndex = 1; lastKnownFileType = text.xcconfig; name = "Pods-Travelify.release.xcconfig"; path = "Target Support Files/Pods-Travelify/Pods-Travelify.release.xcconfig"; sourceTree = "<group>"; };
		5C258C1F34FF94980BF80E67 /* Pods_Travelify.framework */ = {isa = PBXFileReference; explicitFileType = wrapper.framework; includeInIndex = 0; path = Pods_Travelify.framework; sourceTree = BUILT_PRODUCTS_DIR; };
		B41547B92A91054300CD3AA8 /* DetailViewController.swift */ = {isa = PBXFileReference; lastKnownFileType = sourcecode.swift; path = DetailViewController.swift; sourceTree = "<group>"; };
		B41547BA2A91054300CD3AA8 /* DetailViewController.xib */ = {isa = PBXFileReference; lastKnownFileType = file.xib; path = DetailViewController.xib; sourceTree = "<group>"; };
		B42079C62A6A69D4008AA03F /* ExtensionHexColor.swift */ = {isa = PBXFileReference; lastKnownFileType = sourcecode.swift; path = ExtensionHexColor.swift; sourceTree = "<group>"; };
		B42079C92A6A6F26008AA03F /* LoginViewController.swift */ = {isa = PBXFileReference; lastKnownFileType = sourcecode.swift; path = LoginViewController.swift; sourceTree = "<group>"; };
		B42079CA2A6A6F26008AA03F /* LoginViewController.xib */ = {isa = PBXFileReference; lastKnownFileType = file.xib; path = LoginViewController.xib; sourceTree = "<group>"; };
		B42079CE2A6A7859008AA03F /* ExtensionShowloading.swift */ = {isa = PBXFileReference; lastKnownFileType = sourcecode.swift; path = ExtensionShowloading.swift; sourceTree = "<group>"; };
		B42079D12A6A7F9A008AA03F /* ForgotPasswordViewController.swift */ = {isa = PBXFileReference; lastKnownFileType = sourcecode.swift; path = ForgotPasswordViewController.swift; sourceTree = "<group>"; };
		B42079D22A6A7F9A008AA03F /* ForgotPasswordViewController.xib */ = {isa = PBXFileReference; lastKnownFileType = file.xib; path = ForgotPasswordViewController.xib; sourceTree = "<group>"; };
		B445E7B02A7A8C7E00766405 /* ProfileViewController.swift */ = {isa = PBXFileReference; lastKnownFileType = sourcecode.swift; path = ProfileViewController.swift; sourceTree = "<group>"; };
		B445E7B12A7A8C7E00766405 /* ProfileViewController.xib */ = {isa = PBXFileReference; lastKnownFileType = file.xib; path = ProfileViewController.xib; sourceTree = "<group>"; };
		B445E7B72A7B9D9200766405 /* EditProfileViewController.swift */ = {isa = PBXFileReference; lastKnownFileType = sourcecode.swift; path = EditProfileViewController.swift; sourceTree = "<group>"; };
		B445E7B82A7B9D9200766405 /* EditProfileViewController.xib */ = {isa = PBXFileReference; lastKnownFileType = file.xib; path = EditProfileViewController.xib; sourceTree = "<group>"; };
		B449FE342A655886003960B1 /* OnboardingViewController.xib */ = {isa = PBXFileReference; fileEncoding = 4; lastKnownFileType = file.xib; path = OnboardingViewController.xib; sourceTree = "<group>"; };
		B449FE3D2A693CA6003960B1 /* UserDefaultsService.swift */ = {isa = PBXFileReference; lastKnownFileType = sourcecode.swift; path = UserDefaultsService.swift; sourceTree = "<group>"; };
		B449FE3F2A693E2F003960B1 /* RegisterViewController.xib */ = {isa = PBXFileReference; lastKnownFileType = file.xib; path = RegisterViewController.xib; sourceTree = "<group>"; };
		B44E7A912A8B8E6A005B851F /* ChooseEntryPointViewController.swift */ = {isa = PBXFileReference; lastKnownFileType = sourcecode.swift; path = ChooseEntryPointViewController.swift; sourceTree = "<group>"; };
		B44E7A922A8B8E6A005B851F /* ChooseEntryPointViewController.xib */ = {isa = PBXFileReference; lastKnownFileType = file.xib; path = ChooseEntryPointViewController.xib; sourceTree = "<group>"; };
		B44F54142AA3C40E005844EE /* AllReviewsViewController.swift */ = {isa = PBXFileReference; lastKnownFileType = sourcecode.swift; path = AllReviewsViewController.swift; sourceTree = "<group>"; };
		B44F54152AA3C40E005844EE /* AllReviewsViewController.xib */ = {isa = PBXFileReference; lastKnownFileType = file.xib; path = AllReviewsViewController.xib; sourceTree = "<group>"; };
		B45B79BA2A95ACBC0072AB19 /* NoInternetAccessViewController.swift */ = {isa = PBXFileReference; lastKnownFileType = sourcecode.swift; path = NoInternetAccessViewController.swift; sourceTree = "<group>"; };
		B45B79BB2A95ACBC0072AB19 /* NoInternetAccessViewController.xib */ = {isa = PBXFileReference; lastKnownFileType = file.xib; path = NoInternetAccessViewController.xib; sourceTree = "<group>"; };
		B45B79BE2A95ACDA0072AB19 /* NetworkMonitor.swift */ = {isa = PBXFileReference; lastKnownFileType = sourcecode.swift; path = NetworkMonitor.swift; sourceTree = "<group>"; };
		B45B79C32A9637E60072AB19 /* MainTabbarViewController.swift */ = {isa = PBXFileReference; lastKnownFileType = sourcecode.swift; path = MainTabbarViewController.swift; sourceTree = "<group>"; };
		B45B79C42A9637E60072AB19 /* MainTabbarViewController.xib */ = {isa = PBXFileReference; lastKnownFileType = file.xib; path = MainTabbarViewController.xib; sourceTree = "<group>"; };
		B45B79C72A974E370072AB19 /* CustomStyleTabBarContentView.swift */ = {isa = PBXFileReference; lastKnownFileType = sourcecode.swift; path = CustomStyleTabBarContentView.swift; sourceTree = "<group>"; };
		B45B79CA2A9A04910072AB19 /* ObjectToDictionary.swift */ = {isa = PBXFileReference; lastKnownFileType = sourcecode.swift; path = ObjectToDictionary.swift; sourceTree = "<group>"; };
		B45B79CC2A9A1B210072AB19 /* PlaceModel.swift */ = {isa = PBXFileReference; lastKnownFileType = sourcecode.swift; path = PlaceModel.swift; sourceTree = "<group>"; };
		B483C59C2A57FD2A004DD3AA /* Travelify.app */ = {isa = PBXFileReference; explicitFileType = wrapper.application; includeInIndex = 0; path = Travelify.app; sourceTree = BUILT_PRODUCTS_DIR; };
		B483C59F2A57FD2A004DD3AA /* AppDelegate.swift */ = {isa = PBXFileReference; lastKnownFileType = sourcecode.swift; path = AppDelegate.swift; sourceTree = "<group>"; };
		B483C5A12A57FD2A004DD3AA /* SceneDelegate.swift */ = {isa = PBXFileReference; lastKnownFileType = sourcecode.swift; path = SceneDelegate.swift; sourceTree = "<group>"; };
		B483C5A32A57FD2A004DD3AA /* ViewController.swift */ = {isa = PBXFileReference; lastKnownFileType = sourcecode.swift; path = ViewController.swift; sourceTree = "<group>"; };
		B483C5A62A57FD2A004DD3AA /* Base */ = {isa = PBXFileReference; lastKnownFileType = file.storyboard; name = Base; path = Base.lproj/Main.storyboard; sourceTree = "<group>"; };
		B483C5A82A57FD2C004DD3AA /* Assets.xcassets */ = {isa = PBXFileReference; lastKnownFileType = folder.assetcatalog; path = Assets.xcassets; sourceTree = "<group>"; };
		B483C5AB2A57FD2C004DD3AA /* Base */ = {isa = PBXFileReference; lastKnownFileType = file.storyboard; name = Base; path = Base.lproj/LaunchScreen.storyboard; sourceTree = "<group>"; };
		B483C5AD2A57FD2C004DD3AA /* Info.plist */ = {isa = PBXFileReference; lastKnownFileType = text.plist.xml; path = Info.plist; sourceTree = "<group>"; };
		B483C5B32A57FEB7004DD3AA /* OnboardingViewController.swift */ = {isa = PBXFileReference; lastKnownFileType = sourcecode.swift; path = OnboardingViewController.swift; sourceTree = "<group>"; };
		B483C5BA2A57FF66004DD3AA /* OnboardingCollectionViewCell.swift */ = {isa = PBXFileReference; lastKnownFileType = sourcecode.swift; path = OnboardingCollectionViewCell.swift; sourceTree = "<group>"; };
		B483C5BB2A57FF66004DD3AA /* OnboardingCollectionViewCell.xib */ = {isa = PBXFileReference; lastKnownFileType = file.xib; path = OnboardingCollectionViewCell.xib; sourceTree = "<group>"; };
		B483C5C12A5836EB004DD3AA /* RegisterViewController.swift */ = {isa = PBXFileReference; lastKnownFileType = sourcecode.swift; path = RegisterViewController.swift; sourceTree = "<group>"; };
		B4854D962A84129500C9BB6F /* ProfileModel.swift */ = {isa = PBXFileReference; lastKnownFileType = sourcecode.swift; path = ProfileModel.swift; sourceTree = "<group>"; };
		B4854D9A2A8B47D200C9BB6F /* GoogleService-Info.plist */ = {isa = PBXFileReference; fileEncoding = 4; lastKnownFileType = text.plist.xml; path = "GoogleService-Info.plist"; sourceTree = "<group>"; };
		B488ED342A9BC0C800690E96 /* AllInformationViewController.swift */ = {isa = PBXFileReference; lastKnownFileType = sourcecode.swift; path = AllInformationViewController.swift; sourceTree = "<group>"; };
		B488ED352A9BC0C800690E96 /* AllInformationViewController.xib */ = {isa = PBXFileReference; lastKnownFileType = file.xib; path = AllInformationViewController.xib; sourceTree = "<group>"; };
		B488ED382A9DE10B00690E96 /* FirebaseManager.swift */ = {isa = PBXFileReference; lastKnownFileType = sourcecode.swift; path = FirebaseManager.swift; sourceTree = "<group>"; };
		B4B0459F2AA7C3AF00460752 /* AllPhotosViewController.swift */ = {isa = PBXFileReference; lastKnownFileType = sourcecode.swift; path = AllPhotosViewController.swift; sourceTree = "<group>"; };
		B4B045A02AA7C3AF00460752 /* AllPhotosViewController.xib */ = {isa = PBXFileReference; lastKnownFileType = file.xib; path = AllPhotosViewController.xib; sourceTree = "<group>"; };
		B4B045A42AACDCA200460752 /* LoadingTableViewCell.swift */ = {isa = PBXFileReference; lastKnownFileType = sourcecode.swift; path = LoadingTableViewCell.swift; sourceTree = "<group>"; };
		B4B045A52AACDCA200460752 /* LoadingTableViewCell.xib */ = {isa = PBXFileReference; lastKnownFileType = file.xib; path = LoadingTableViewCell.xib; sourceTree = "<group>"; };
		B4B045AC2AACF9F100460752 /* LoadingCollectionReusableView.swift */ = {isa = PBXFileReference; lastKnownFileType = sourcecode.swift; path = LoadingCollectionReusableView.swift; sourceTree = "<group>"; };
		B4B045AD2AACF9F100460752 /* LoadingCollectionReusableView.xib */ = {isa = PBXFileReference; lastKnownFileType = file.xib; path = LoadingCollectionReusableView.xib; sourceTree = "<group>"; };
		B4B7DFAE2A73C76E00159B7B /* HandleFirebaseErrorExtension.swift */ = {isa = PBXFileReference; lastKnownFileType = sourcecode.swift; path = HandleFirebaseErrorExtension.swift; sourceTree = "<group>"; };
		B4B7DFB62A75907B00159B7B /* HomeViewController.swift */ = {isa = PBXFileReference; lastKnownFileType = sourcecode.swift; path = HomeViewController.swift; sourceTree = "<group>"; };
		B4B7DFB72A75907B00159B7B /* HomeViewController.xib */ = {isa = PBXFileReference; lastKnownFileType = file.xib; path = HomeViewController.xib; sourceTree = "<group>"; };
		B4B7DFBB2A7592D000159B7B /* SuggestCollectionViewCell.swift */ = {isa = PBXFileReference; lastKnownFileType = sourcecode.swift; path = SuggestCollectionViewCell.swift; sourceTree = "<group>"; };
		B4B7DFBC2A7592D000159B7B /* SuggestCollectionViewCell.xib */ = {isa = PBXFileReference; lastKnownFileType = file.xib; path = SuggestCollectionViewCell.xib; sourceTree = "<group>"; };
		B4B7DFC12A759C4F00159B7B /* HighRatingTableViewCell.swift */ = {isa = PBXFileReference; lastKnownFileType = sourcecode.swift; path = HighRatingTableViewCell.swift; sourceTree = "<group>"; };
		B4B7DFC22A759C4F00159B7B /* HighRatingTableViewCell.xib */ = {isa = PBXFileReference; lastKnownFileType = file.xib; path = HighRatingTableViewCell.xib; sourceTree = "<group>"; };
		B4BAAD422A6E618600599DB8 /* Validator.swift */ = {isa = PBXFileReference; lastKnownFileType = sourcecode.swift; path = Validator.swift; sourceTree = "<group>"; };
		B4BAAD442A70426500599DB8 /* CustomUITextField.swift */ = {isa = PBXFileReference; lastKnownFileType = sourcecode.swift; path = CustomUITextField.swift; sourceTree = "<group>"; };
		B4CBAE282A91DB9500301587 /* RatingTableViewCell.swift */ = {isa = PBXFileReference; lastKnownFileType = sourcecode.swift; path = RatingTableViewCell.swift; sourceTree = "<group>"; };
		B4CBAE292A91DB9500301587 /* RatingTableViewCell.xib */ = {isa = PBXFileReference; lastKnownFileType = file.xib; path = RatingTableViewCell.xib; sourceTree = "<group>"; };
		B4CBAE2F2A91E39E00301587 /* CornerRadius.swift */ = {isa = PBXFileReference; lastKnownFileType = sourcecode.swift; path = CornerRadius.swift; sourceTree = "<group>"; };
		B4CBAE312A91EA0B00301587 /* CosmosView.swift */ = {isa = PBXFileReference; lastKnownFileType = sourcecode.swift; path = CosmosView.swift; sourceTree = "<group>"; };
		B4E354C52AA0A2070032EC7F /* vi */ = {isa = PBXFileReference; lastKnownFileType = text.plist.strings; name = vi; path = vi.lproj/Main.strings; sourceTree = "<group>"; };
		B4E354C62AA0A2080032EC7F /* vi */ = {isa = PBXFileReference; lastKnownFileType = text.plist.strings; name = vi; path = vi.lproj/LaunchScreen.strings; sourceTree = "<group>"; };
		B4EC4C282A76D581008A60D4 /* GradientView.swift */ = {isa = PBXFileReference; lastKnownFileType = sourcecode.swift; path = GradientView.swift; sourceTree = "<group>"; };
/* End PBXFileReference section */

/* Begin PBXFrameworksBuildPhase section */
		B483C5992A57FD2A004DD3AA /* Frameworks */ = {
			isa = PBXFrameworksBuildPhase;
			buildActionMask = 2147483647;
			files = (
				0E21CA0129A7299EADAF2A29 /* Pods_Travelify.framework in Frameworks */,
			);
			runOnlyForDeploymentPostprocessing = 0;
		};
/* End PBXFrameworksBuildPhase section */

/* Begin PBXGroup section */
		8AE08BA1C927362FFE32FB0A /* Frameworks */ = {
			isa = PBXGroup;
			children = (
				5C258C1F34FF94980BF80E67 /* Pods_Travelify.framework */,
			);
			name = Frameworks;
			sourceTree = "<group>";
		};
		8FAE5739BA812CDEF6CB00FC /* Pods */ = {
			isa = PBXGroup;
			children = (
				2F3CE1F246B10BD3AD6DFAC0 /* Pods-Travelify.debug.xcconfig */,
				3E701AA646B6A5490CCB4586 /* Pods-Travelify.release.xcconfig */,
			);
			path = Pods;
			sourceTree = "<group>";
		};
		B41547B82A91052800CD3AA8 /* Detail */ = {
			isa = PBXGroup;
			children = (
				B41547B92A91054300CD3AA8 /* DetailViewController.swift */,
				B41547BA2A91054300CD3AA8 /* DetailViewController.xib */,
				B4B0459E2AA7BF9F00460752 /* Photos */,
				B488ED3D2A9FD52A00690E96 /* AllReviews */,
				B488ED3C2A9FD50900690E96 /* AllInformation */,
				B4CBAE2C2A91DB9B00301587 /* RatingCell */,
			);
			path = Detail;
			sourceTree = "<group>";
		};
		B42079C82A6A6EE3008AA03F /* Register */ = {
			isa = PBXGroup;
			children = (
				B483C5C12A5836EB004DD3AA /* RegisterViewController.swift */,
				B449FE3F2A693E2F003960B1 /* RegisterViewController.xib */,
			);
			path = Register;
			sourceTree = "<group>";
		};
		B42079CD2A6A6F2B008AA03F /* Login */ = {
			isa = PBXGroup;
			children = (
				B42079C92A6A6F26008AA03F /* LoginViewController.swift */,
				B42079CA2A6A6F26008AA03F /* LoginViewController.xib */,
			);
			path = Login;
			sourceTree = "<group>";
		};
		B42079D02A6A78BF008AA03F /* ForgotPassword */ = {
			isa = PBXGroup;
			children = (
				B42079D12A6A7F9A008AA03F /* ForgotPasswordViewController.swift */,
				B42079D22A6A7F9A008AA03F /* ForgotPasswordViewController.xib */,
			);
			path = ForgotPassword;
			sourceTree = "<group>";
		};
		B445E7AF2A7A8C6200766405 /* Profile */ = {
			isa = PBXGroup;
			children = (
				B445E7B02A7A8C7E00766405 /* ProfileViewController.swift */,
				B445E7B12A7A8C7E00766405 /* ProfileViewController.xib */,
				B445E7B72A7B9D9200766405 /* EditProfileViewController.swift */,
				B445E7B82A7B9D9200766405 /* EditProfileViewController.xib */,
			);
			path = Profile;
			sourceTree = "<group>";
		};
		B45B79B92A95AC740072AB19 /* NoInternetAccess */ = {
			isa = PBXGroup;
			children = (
				B45B79BE2A95ACDA0072AB19 /* NetworkMonitor.swift */,
				B45B79BA2A95ACBC0072AB19 /* NoInternetAccessViewController.swift */,
				B45B79BB2A95ACBC0072AB19 /* NoInternetAccessViewController.xib */,
			);
			path = NoInternetAccess;
			sourceTree = "<group>";
		};
		B45B79C02A962C620072AB19 /* MainTabbarController */ = {
			isa = PBXGroup;
			children = (
				B45B79C72A974E370072AB19 /* CustomStyleTabBarContentView.swift */,
				B45B79C32A9637E60072AB19 /* MainTabbarViewController.swift */,
				B45B79C42A9637E60072AB19 /* MainTabbarViewController.xib */,
			);
			path = MainTabbarController;
			sourceTree = "<group>";
		};
		B45B79C92A9A04570072AB19 /* Models */ = {
			isa = PBXGroup;
			children = (
				B4854D962A84129500C9BB6F /* ProfileModel.swift */,
				B45B79CC2A9A1B210072AB19 /* PlaceModel.swift */,
				B45B79CA2A9A04910072AB19 /* ObjectToDictionary.swift */,
			);
			path = Models;
			sourceTree = "<group>";
		};
		B483C5932A57FD2A004DD3AA = {
			isa = PBXGroup;
			children = (
				B483C59E2A57FD2A004DD3AA /* Travelify */,
				B483C59D2A57FD2A004DD3AA /* Products */,
				8FAE5739BA812CDEF6CB00FC /* Pods */,
				8AE08BA1C927362FFE32FB0A /* Frameworks */,
			);
			sourceTree = "<group>";
		};
		B483C59D2A57FD2A004DD3AA /* Products */ = {
			isa = PBXGroup;
			children = (
				B483C59C2A57FD2A004DD3AA /* Travelify.app */,
			);
			name = Products;
			sourceTree = "<group>";
		};
		B483C59E2A57FD2A004DD3AA /* Travelify */ = {
			isa = PBXGroup;
			children = (
				B483C59F2A57FD2A004DD3AA /* AppDelegate.swift */,
				B483C5A12A57FD2A004DD3AA /* SceneDelegate.swift */,
				B483C5A32A57FD2A004DD3AA /* ViewController.swift */,
				B483C5A52A57FD2A004DD3AA /* Main.storyboard */,
				B4B045A32AACDC7800460752 /* LoadingCells */,
				B483C5BE2A582DAE004DD3AA /* Utils */,
				B45B79C92A9A04570072AB19 /* Models */,
				B483C5B82A57FEC5004DD3AA /* Screens */,
				B483C5A82A57FD2C004DD3AA /* Assets.xcassets */,
				B483C5AA2A57FD2C004DD3AA /* LaunchScreen.storyboard */,
				B4854D9A2A8B47D200C9BB6F /* GoogleService-Info.plist */,
				B483C5AD2A57FD2C004DD3AA /* Info.plist */,
			);
			path = Travelify;
			sourceTree = "<group>";
		};
		B483C5B72A57FEBC004DD3AA /* Onboarding */ = {
			isa = PBXGroup;
			children = (
				B483C5B32A57FEB7004DD3AA /* OnboardingViewController.swift */,
				B449FE342A655886003960B1 /* OnboardingViewController.xib */,
				B483C5B92A57FF4C004DD3AA /* Cell */,
				B44E7A912A8B8E6A005B851F /* ChooseEntryPointViewController.swift */,
				B44E7A922A8B8E6A005B851F /* ChooseEntryPointViewController.xib */,
			);
			path = Onboarding;
			sourceTree = "<group>";
		};
		B483C5B82A57FEC5004DD3AA /* Screens */ = {
			isa = PBXGroup;
			children = (
				B45B79C02A962C620072AB19 /* MainTabbarController */,
				B45B79B92A95AC740072AB19 /* NoInternetAccess */,
				B41547B82A91052800CD3AA8 /* Detail */,
				B445E7AF2A7A8C6200766405 /* Profile */,
				B4B7DFB52A75905E00159B7B /* Home */,
				B483C5B72A57FEBC004DD3AA /* Onboarding */,
				B42079CD2A6A6F2B008AA03F /* Login */,
				B42079C82A6A6EE3008AA03F /* Register */,
				B42079D02A6A78BF008AA03F /* ForgotPassword */,
			);
			path = Screens;
			sourceTree = "<group>";
		};
		B483C5B92A57FF4C004DD3AA /* Cell */ = {
			isa = PBXGroup;
			children = (
				B483C5BA2A57FF66004DD3AA /* OnboardingCollectionViewCell.swift */,
				B483C5BB2A57FF66004DD3AA /* OnboardingCollectionViewCell.xib */,
			);
			path = Cell;
			sourceTree = "<group>";
		};
		B483C5BE2A582DAE004DD3AA /* Utils */ = {
			isa = PBXGroup;
			children = (
				B449FE3D2A693CA6003960B1 /* UserDefaultsService.swift */,
				B488ED382A9DE10B00690E96 /* FirebaseManager.swift */,
				B4CBAE312A91EA0B00301587 /* CosmosView.swift */,
				B4CBAE2F2A91E39E00301587 /* CornerRadius.swift */,
				B4BAAD442A70426500599DB8 /* CustomUITextField.swift */,
				B42079C62A6A69D4008AA03F /* ExtensionHexColor.swift */,
				B42079CE2A6A7859008AA03F /* ExtensionShowloading.swift */,
				B4BAAD422A6E618600599DB8 /* Validator.swift */,
				B4B7DFAE2A73C76E00159B7B /* HandleFirebaseErrorExtension.swift */,
				B4EC4C282A76D581008A60D4 /* GradientView.swift */,
			);
			path = Utils;
			sourceTree = "<group>";
		};
		B488ED3C2A9FD50900690E96 /* AllInformation */ = {
			isa = PBXGroup;
			children = (
				B488ED342A9BC0C800690E96 /* AllInformationViewController.swift */,
				B488ED352A9BC0C800690E96 /* AllInformationViewController.xib */,
			);
			path = AllInformation;
			sourceTree = "<group>";
		};
		B488ED3D2A9FD52A00690E96 /* AllReviews */ = {
			isa = PBXGroup;
			children = (
				B44F54142AA3C40E005844EE /* AllReviewsViewController.swift */,
				B44F54152AA3C40E005844EE /* AllReviewsViewController.xib */,
			);
			path = AllReviews;
			sourceTree = "<group>";
		};
		B4B0459E2AA7BF9F00460752 /* Photos */ = {
			isa = PBXGroup;
			children = (
				B4B0459F2AA7C3AF00460752 /* AllPhotosViewController.swift */,
				B4B045A02AA7C3AF00460752 /* AllPhotosViewController.xib */,
			);
			path = Photos;
			sourceTree = "<group>";
		};
		B4B045A32AACDC7800460752 /* LoadingCells */ = {
			isa = PBXGroup;
			children = (
				B4B045A42AACDCA200460752 /* LoadingTableViewCell.swift */,
				B4B045A52AACDCA200460752 /* LoadingTableViewCell.xib */,
				B4B045AC2AACF9F100460752 /* LoadingCollectionReusableView.swift */,
				B4B045AD2AACF9F100460752 /* LoadingCollectionReusableView.xib */,
			);
			path = LoadingCells;
			sourceTree = "<group>";
		};
		B4B7DFB52A75905E00159B7B /* Home */ = {
			isa = PBXGroup;
			children = (
				B4B7DFB62A75907B00159B7B /* HomeViewController.swift */,
				B4B7DFB72A75907B00159B7B /* HomeViewController.xib */,
				B4B7DFBA2A7592A900159B7B /* Cells */,
			);
			path = Home;
			sourceTree = "<group>";
		};
		B4B7DFBA2A7592A900159B7B /* Cells */ = {
			isa = PBXGroup;
			children = (
				B4B7DFBB2A7592D000159B7B /* SuggestCollectionViewCell.swift */,
				B4B7DFBC2A7592D000159B7B /* SuggestCollectionViewCell.xib */,
				B4B7DFC12A759C4F00159B7B /* HighRatingTableViewCell.swift */,
				B4B7DFC22A759C4F00159B7B /* HighRatingTableViewCell.xib */,
			);
			path = Cells;
			sourceTree = "<group>";
		};
		B4CBAE2C2A91DB9B00301587 /* RatingCell */ = {
			isa = PBXGroup;
			children = (
				B4CBAE282A91DB9500301587 /* RatingTableViewCell.swift */,
				B4CBAE292A91DB9500301587 /* RatingTableViewCell.xib */,
			);
			path = RatingCell;
			sourceTree = "<group>";
		};
/* End PBXGroup section */

/* Begin PBXNativeTarget section */
		B483C59B2A57FD2A004DD3AA /* Travelify */ = {
			isa = PBXNativeTarget;
			buildConfigurationList = B483C5B02A57FD2C004DD3AA /* Build configuration list for PBXNativeTarget "Travelify" */;
			buildPhases = (
				6A7BAEFD94EABA5B26C74E41 /* [CP] Check Pods Manifest.lock */,
				B483C5982A57FD2A004DD3AA /* Sources */,
				B483C5992A57FD2A004DD3AA /* Frameworks */,
				B483C59A2A57FD2A004DD3AA /* Resources */,
				5B7250E37297F89A4591EFFB /* [CP] Embed Pods Frameworks */,
			);
			buildRules = (
			);
			dependencies = (
			);
			name = Travelify;
			productName = Travelify;
			productReference = B483C59C2A57FD2A004DD3AA /* Travelify.app */;
			productType = "com.apple.product-type.application";
		};
/* End PBXNativeTarget section */

/* Begin PBXProject section */
		B483C5942A57FD2A004DD3AA /* Project object */ = {
			isa = PBXProject;
			attributes = {
				BuildIndependentTargetsInParallel = 1;
				LastSwiftUpdateCheck = 1410;
				LastUpgradeCheck = 1410;
				TargetAttributes = {
					B483C59B2A57FD2A004DD3AA = {
						CreatedOnToolsVersion = 14.1;
					};
				};
			};
			buildConfigurationList = B483C5972A57FD2A004DD3AA /* Build configuration list for PBXProject "Travelify" */;
			compatibilityVersion = "Xcode 14.0";
			developmentRegion = en;
			hasScannedForEncodings = 0;
			knownRegions = (
				en,
				Base,
				vi,
			);
			mainGroup = B483C5932A57FD2A004DD3AA;
			productRefGroup = B483C59D2A57FD2A004DD3AA /* Products */;
			projectDirPath = "";
			projectRoot = "";
			targets = (
				B483C59B2A57FD2A004DD3AA /* Travelify */,
			);
		};
/* End PBXProject section */

/* Begin PBXResourcesBuildPhase section */
		B483C59A2A57FD2A004DD3AA /* Resources */ = {
			isa = PBXResourcesBuildPhase;
			buildActionMask = 2147483647;
			files = (
				B4B7DFC42A759C4F00159B7B /* HighRatingTableViewCell.xib in Resources */,
				B4B045A22AA7C3AF00460752 /* AllPhotosViewController.xib in Resources */,
				B4B045AF2AACF9F100460752 /* LoadingCollectionReusableView.xib in Resources */,
				B42079CC2A6A6F26008AA03F /* LoginViewController.xib in Resources */,
				B44F54172AA3C40E005844EE /* AllReviewsViewController.xib in Resources */,
				B483C5AC2A57FD2C004DD3AA /* LaunchScreen.storyboard in Resources */,
				B445E7B32A7A8C7E00766405 /* ProfileViewController.xib in Resources */,
				B483C5A92A57FD2C004DD3AA /* Assets.xcassets in Resources */,
				B42079D42A6A7F9A008AA03F /* ForgotPasswordViewController.xib in Resources */,
				B45B79C62A9637E60072AB19 /* MainTabbarViewController.xib in Resources */,
				B449FE402A693E2F003960B1 /* RegisterViewController.xib in Resources */,
				B483C5A72A57FD2A004DD3AA /* Main.storyboard in Resources */,
				B4B7DFB92A75907B00159B7B /* HomeViewController.xib in Resources */,
				B445E7BA2A7B9D9200766405 /* EditProfileViewController.xib in Resources */,
				B483C5BD2A57FF66004DD3AA /* OnboardingCollectionViewCell.xib in Resources */,
				B41547BC2A91054300CD3AA8 /* DetailViewController.xib in Resources */,
				B45B79BD2A95ACBC0072AB19 /* NoInternetAccessViewController.xib in Resources */,
				B449FE352A655886003960B1 /* OnboardingViewController.xib in Resources */,
				B4B045A72AACDCA200460752 /* LoadingTableViewCell.xib in Resources */,
				B44E7A942A8B8E6A005B851F /* ChooseEntryPointViewController.xib in Resources */,
				B4B7DFBE2A7592D000159B7B /* SuggestCollectionViewCell.xib in Resources */,
				B4CBAE2B2A91DB9600301587 /* RatingTableViewCell.xib in Resources */,
				B488ED372A9BC0C800690E96 /* AllInformationViewController.xib in Resources */,
				B4854D9B2A8B47D300C9BB6F /* GoogleService-Info.plist in Resources */,
			);
			runOnlyForDeploymentPostprocessing = 0;
		};
/* End PBXResourcesBuildPhase section */

/* Begin PBXShellScriptBuildPhase section */
		5B7250E37297F89A4591EFFB /* [CP] Embed Pods Frameworks */ = {
			isa = PBXShellScriptBuildPhase;
			buildActionMask = 2147483647;
			files = (
			);
			inputFileListPaths = (
				"${PODS_ROOT}/Target Support Files/Pods-Travelify/Pods-Travelify-frameworks-${CONFIGURATION}-input-files.xcfilelist",
			);
			name = "[CP] Embed Pods Frameworks";
			outputFileListPaths = (
				"${PODS_ROOT}/Target Support Files/Pods-Travelify/Pods-Travelify-frameworks-${CONFIGURATION}-output-files.xcfilelist",
			);
			runOnlyForDeploymentPostprocessing = 0;
			shellPath = /bin/sh;
			shellScript = "\"${PODS_ROOT}/Target Support Files/Pods-Travelify/Pods-Travelify-frameworks.sh\"\n";
			showEnvVarsInLog = 0;
		};
		6A7BAEFD94EABA5B26C74E41 /* [CP] Check Pods Manifest.lock */ = {
			isa = PBXShellScriptBuildPhase;
			buildActionMask = 2147483647;
			files = (
			);
			inputFileListPaths = (
			);
			inputPaths = (
				"${PODS_PODFILE_DIR_PATH}/Podfile.lock",
				"${PODS_ROOT}/Manifest.lock",
			);
			name = "[CP] Check Pods Manifest.lock";
			outputFileListPaths = (
			);
			outputPaths = (
				"$(DERIVED_FILE_DIR)/Pods-Travelify-checkManifestLockResult.txt",
			);
			runOnlyForDeploymentPostprocessing = 0;
			shellPath = /bin/sh;
			shellScript = "diff \"${PODS_PODFILE_DIR_PATH}/Podfile.lock\" \"${PODS_ROOT}/Manifest.lock\" > /dev/null\nif [ $? != 0 ] ; then\n    # print error to STDERR\n    echo \"error: The sandbox is not in sync with the Podfile.lock. Run 'pod install' or update your CocoaPods installation.\" >&2\n    exit 1\nfi\n# This output is used by Xcode 'outputs' to avoid re-running this script phase.\necho \"SUCCESS\" > \"${SCRIPT_OUTPUT_FILE_0}\"\n";
			showEnvVarsInLog = 0;
		};
/* End PBXShellScriptBuildPhase section */

/* Begin PBXSourcesBuildPhase section */
		B483C5982A57FD2A004DD3AA /* Sources */ = {
			isa = PBXSourcesBuildPhase;
			buildActionMask = 2147483647;
			files = (
				B4BAAD452A70426500599DB8 /* CustomUITextField.swift in Sources */,
				B45B79CD2A9A1B210072AB19 /* PlaceModel.swift in Sources */,
				B4B7DFAF2A73C76E00159B7B /* HandleFirebaseErrorExtension.swift in Sources */,
				B4B045A62AACDCA200460752 /* LoadingTableViewCell.swift in Sources */,
				B44F54162AA3C40E005844EE /* AllReviewsViewController.swift in Sources */,
				B4CBAE302A91E39E00301587 /* CornerRadius.swift in Sources */,
				B41547BB2A91054300CD3AA8 /* DetailViewController.swift in Sources */,
				B42079CB2A6A6F26008AA03F /* LoginViewController.swift in Sources */,
				B4B7DFC32A759C4F00159B7B /* HighRatingTableViewCell.swift in Sources */,
				B488ED362A9BC0C800690E96 /* AllInformationViewController.swift in Sources */,
				B4B045A12AA7C3AF00460752 /* AllPhotosViewController.swift in Sources */,
				B4B7DFBD2A7592D000159B7B /* SuggestCollectionViewCell.swift in Sources */,
				B483C5A42A57FD2A004DD3AA /* ViewController.swift in Sources */,
				B45B79C52A9637E60072AB19 /* MainTabbarViewController.swift in Sources */,
				B42079D32A6A7F9A008AA03F /* ForgotPasswordViewController.swift in Sources */,
				B4B7DFB82A75907B00159B7B /* HomeViewController.swift in Sources */,
				B445E7B92A7B9D9200766405 /* EditProfileViewController.swift in Sources */,
				B4EC4C292A76D581008A60D4 /* GradientView.swift in Sources */,
				B445E7B22A7A8C7E00766405 /* ProfileViewController.swift in Sources */,
				B488ED392A9DE10B00690E96 /* FirebaseManager.swift in Sources */,
				B45B79BF2A95ACDA0072AB19 /* NetworkMonitor.swift in Sources */,
				B449FE3E2A693CA6003960B1 /* UserDefaultsService.swift in Sources */,
				B4BAAD432A6E618600599DB8 /* Validator.swift in Sources */,
				B44E7A932A8B8E6A005B851F /* ChooseEntryPointViewController.swift in Sources */,
				B4B045AE2AACF9F100460752 /* LoadingCollectionReusableView.swift in Sources */,
				B45B79BC2A95ACBC0072AB19 /* NoInternetAccessViewController.swift in Sources */,
				B483C5A02A57FD2A004DD3AA /* AppDelegate.swift in Sources */,
				B42079C72A6A69D4008AA03F /* ExtensionHexColor.swift in Sources */,
				B4CBAE322A91EA0B00301587 /* CosmosView.swift in Sources */,
				B45B79C82A974E370072AB19 /* CustomStyleTabBarContentView.swift in Sources */,
				B4854D972A84129500C9BB6F /* ProfileModel.swift in Sources */,
				B483C5BC2A57FF66004DD3AA /* OnboardingCollectionViewCell.swift in Sources */,
				B483C5C22A5836EB004DD3AA /* RegisterViewController.swift in Sources */,
				B4CBAE2A2A91DB9500301587 /* RatingTableViewCell.swift in Sources */,
				B42079CF2A6A7859008AA03F /* ExtensionShowloading.swift in Sources */,
				B45B79CB2A9A04910072AB19 /* ObjectToDictionary.swift in Sources */,
				B483C5A22A57FD2A004DD3AA /* SceneDelegate.swift in Sources */,
				B483C5B52A57FEB7004DD3AA /* OnboardingViewController.swift in Sources */,
			);
			runOnlyForDeploymentPostprocessing = 0;
		};
/* End PBXSourcesBuildPhase section */

/* Begin PBXVariantGroup section */
		B483C5A52A57FD2A004DD3AA /* Main.storyboard */ = {
			isa = PBXVariantGroup;
			children = (
				B483C5A62A57FD2A004DD3AA /* Base */,
				B4E354C52AA0A2070032EC7F /* vi */,
			);
			name = Main.storyboard;
			sourceTree = "<group>";
		};
		B483C5AA2A57FD2C004DD3AA /* LaunchScreen.storyboard */ = {
			isa = PBXVariantGroup;
			children = (
				B483C5AB2A57FD2C004DD3AA /* Base */,
				B4E354C62AA0A2080032EC7F /* vi */,
			);
			name = LaunchScreen.storyboard;
			sourceTree = "<group>";
		};
/* End PBXVariantGroup section */

/* Begin XCBuildConfiguration section */
		B483C5AE2A57FD2C004DD3AA /* Debug */ = {
			isa = XCBuildConfiguration;
			buildSettings = {
				ALWAYS_SEARCH_USER_PATHS = NO;
				CLANG_ANALYZER_LOCALIZABILITY_NONLOCALIZED = YES;
				CLANG_ANALYZER_NONNULL = YES;
				CLANG_ANALYZER_NUMBER_OBJECT_CONVERSION = YES_AGGRESSIVE;
				CLANG_CXX_LANGUAGE_STANDARD = "gnu++20";
				CLANG_ENABLE_MODULES = YES;
				CLANG_ENABLE_OBJC_ARC = YES;
				CLANG_ENABLE_OBJC_WEAK = YES;
				CLANG_WARN_BLOCK_CAPTURE_AUTORELEASING = YES;
				CLANG_WARN_BOOL_CONVERSION = YES;
				CLANG_WARN_COMMA = YES;
				CLANG_WARN_CONSTANT_CONVERSION = YES;
				CLANG_WARN_DEPRECATED_OBJC_IMPLEMENTATIONS = YES;
				CLANG_WARN_DIRECT_OBJC_ISA_USAGE = YES_ERROR;
				CLANG_WARN_DOCUMENTATION_COMMENTS = YES;
				CLANG_WARN_EMPTY_BODY = YES;
				CLANG_WARN_ENUM_CONVERSION = YES;
				CLANG_WARN_INFINITE_RECURSION = YES;
				CLANG_WARN_INT_CONVERSION = YES;
				CLANG_WARN_NON_LITERAL_NULL_CONVERSION = YES;
				CLANG_WARN_OBJC_IMPLICIT_RETAIN_SELF = YES;
				CLANG_WARN_OBJC_LITERAL_CONVERSION = YES;
				CLANG_WARN_OBJC_ROOT_CLASS = YES_ERROR;
				CLANG_WARN_QUOTED_INCLUDE_IN_FRAMEWORK_HEADER = YES;
				CLANG_WARN_RANGE_LOOP_ANALYSIS = YES;
				CLANG_WARN_STRICT_PROTOTYPES = YES;
				CLANG_WARN_SUSPICIOUS_MOVE = YES;
				CLANG_WARN_UNGUARDED_AVAILABILITY = YES_AGGRESSIVE;
				CLANG_WARN_UNREACHABLE_CODE = YES;
				CLANG_WARN__DUPLICATE_METHOD_MATCH = YES;
				COPY_PHASE_STRIP = NO;
				DEBUG_INFORMATION_FORMAT = dwarf;
				ENABLE_STRICT_OBJC_MSGSEND = YES;
				ENABLE_TESTABILITY = YES;
				GCC_C_LANGUAGE_STANDARD = gnu11;
				GCC_DYNAMIC_NO_PIC = NO;
				GCC_NO_COMMON_BLOCKS = YES;
				GCC_OPTIMIZATION_LEVEL = 0;
				GCC_PREPROCESSOR_DEFINITIONS = (
					"DEBUG=1",
					"$(inherited)",
				);
				GCC_WARN_64_TO_32_BIT_CONVERSION = YES;
				GCC_WARN_ABOUT_RETURN_TYPE = YES_ERROR;
				GCC_WARN_UNDECLARED_SELECTOR = YES;
				GCC_WARN_UNINITIALIZED_AUTOS = YES_AGGRESSIVE;
				GCC_WARN_UNUSED_FUNCTION = YES;
				GCC_WARN_UNUSED_VARIABLE = YES;
				IPHONEOS_DEPLOYMENT_TARGET = 15.0;
				MTL_ENABLE_DEBUG_INFO = INCLUDE_SOURCE;
				MTL_FAST_MATH = YES;
				ONLY_ACTIVE_ARCH = YES;
				SDKROOT = iphoneos;
				SWIFT_ACTIVE_COMPILATION_CONDITIONS = DEBUG;
				SWIFT_OPTIMIZATION_LEVEL = "-Onone";
			};
			name = Debug;
		};
		B483C5AF2A57FD2C004DD3AA /* Release */ = {
			isa = XCBuildConfiguration;
			buildSettings = {
				ALWAYS_SEARCH_USER_PATHS = NO;
				CLANG_ANALYZER_LOCALIZABILITY_NONLOCALIZED = YES;
				CLANG_ANALYZER_NONNULL = YES;
				CLANG_ANALYZER_NUMBER_OBJECT_CONVERSION = YES_AGGRESSIVE;
				CLANG_CXX_LANGUAGE_STANDARD = "gnu++20";
				CLANG_ENABLE_MODULES = YES;
				CLANG_ENABLE_OBJC_ARC = YES;
				CLANG_ENABLE_OBJC_WEAK = YES;
				CLANG_WARN_BLOCK_CAPTURE_AUTORELEASING = YES;
				CLANG_WARN_BOOL_CONVERSION = YES;
				CLANG_WARN_COMMA = YES;
				CLANG_WARN_CONSTANT_CONVERSION = YES;
				CLANG_WARN_DEPRECATED_OBJC_IMPLEMENTATIONS = YES;
				CLANG_WARN_DIRECT_OBJC_ISA_USAGE = YES_ERROR;
				CLANG_WARN_DOCUMENTATION_COMMENTS = YES;
				CLANG_WARN_EMPTY_BODY = YES;
				CLANG_WARN_ENUM_CONVERSION = YES;
				CLANG_WARN_INFINITE_RECURSION = YES;
				CLANG_WARN_INT_CONVERSION = YES;
				CLANG_WARN_NON_LITERAL_NULL_CONVERSION = YES;
				CLANG_WARN_OBJC_IMPLICIT_RETAIN_SELF = YES;
				CLANG_WARN_OBJC_LITERAL_CONVERSION = YES;
				CLANG_WARN_OBJC_ROOT_CLASS = YES_ERROR;
				CLANG_WARN_QUOTED_INCLUDE_IN_FRAMEWORK_HEADER = YES;
				CLANG_WARN_RANGE_LOOP_ANALYSIS = YES;
				CLANG_WARN_STRICT_PROTOTYPES = YES;
				CLANG_WARN_SUSPICIOUS_MOVE = YES;
				CLANG_WARN_UNGUARDED_AVAILABILITY = YES_AGGRESSIVE;
				CLANG_WARN_UNREACHABLE_CODE = YES;
				CLANG_WARN__DUPLICATE_METHOD_MATCH = YES;
				COPY_PHASE_STRIP = NO;
				DEBUG_INFORMATION_FORMAT = "dwarf-with-dsym";
				ENABLE_NS_ASSERTIONS = NO;
				ENABLE_STRICT_OBJC_MSGSEND = YES;
				GCC_C_LANGUAGE_STANDARD = gnu11;
				GCC_NO_COMMON_BLOCKS = YES;
				GCC_WARN_64_TO_32_BIT_CONVERSION = YES;
				GCC_WARN_ABOUT_RETURN_TYPE = YES_ERROR;
				GCC_WARN_UNDECLARED_SELECTOR = YES;
				GCC_WARN_UNINITIALIZED_AUTOS = YES_AGGRESSIVE;
				GCC_WARN_UNUSED_FUNCTION = YES;
				GCC_WARN_UNUSED_VARIABLE = YES;
				IPHONEOS_DEPLOYMENT_TARGET = 15.0;
				MTL_ENABLE_DEBUG_INFO = NO;
				MTL_FAST_MATH = YES;
				SDKROOT = iphoneos;
				SWIFT_COMPILATION_MODE = wholemodule;
				SWIFT_OPTIMIZATION_LEVEL = "-O";
				VALIDATE_PRODUCT = YES;
			};
			name = Release;
		};
		B483C5B12A57FD2C004DD3AA /* Debug */ = {
			isa = XCBuildConfiguration;
			baseConfigurationReference = 2F3CE1F246B10BD3AD6DFAC0 /* Pods-Travelify.debug.xcconfig */;
			buildSettings = {
				ASSETCATALOG_COMPILER_APPICON_NAME = AppIcon;
				ASSETCATALOG_COMPILER_GLOBAL_ACCENT_COLOR_NAME = AccentColor;
				CODE_SIGN_STYLE = Automatic;
				CURRENT_PROJECT_VERSION = 1;
				DEVELOPMENT_TEAM = 42823CRJW7;
				GENERATE_INFOPLIST_FILE = YES;
				INFOPLIST_FILE = Travelify/Info.plist;
				INFOPLIST_KEY_NSAppleMusicUsageDescription = "Cho phép mở thư viện";
				INFOPLIST_KEY_NSCameraUsageDescription = "Cho phép mở camera";
				INFOPLIST_KEY_NSMicrophoneUsageDescription = "Cho phép sử dụng micro";
				INFOPLIST_KEY_NSPhotoLibraryUsageDescription = "Cho phép truy cập vào Album Ảnh";
				INFOPLIST_KEY_UIApplicationSupportsIndirectInputEvents = YES;
				INFOPLIST_KEY_UILaunchStoryboardName = LaunchScreen;
				INFOPLIST_KEY_UIMainStoryboardFile = Main;
				INFOPLIST_KEY_UISupportedInterfaceOrientations_iPad = "UIInterfaceOrientationPortrait UIInterfaceOrientationPortraitUpsideDown UIInterfaceOrientationLandscapeLeft UIInterfaceOrientationLandscapeRight";
				INFOPLIST_KEY_UISupportedInterfaceOrientations_iPhone = "UIInterfaceOrientationPortrait UIInterfaceOrientationLandscapeLeft UIInterfaceOrientationLandscapeRight";
				LD_RUNPATH_SEARCH_PATHS = (
					"$(inherited)",
					"@executable_path/Frameworks",
				);
				MARKETING_VERSION = 1.0;
				PRODUCT_BUNDLE_IDENTIFIER = com.tanvm.Travelify;
				PRODUCT_NAME = "$(TARGET_NAME)";
				SWIFT_EMIT_LOC_STRINGS = YES;
				SWIFT_VERSION = 5.0;
				TARGETED_DEVICE_FAMILY = "1,2";
			};
			name = Debug;
		};
		B483C5B22A57FD2C004DD3AA /* Release */ = {
			isa = XCBuildConfiguration;
			baseConfigurationReference = 3E701AA646B6A5490CCB4586 /* Pods-Travelify.release.xcconfig */;
			buildSettings = {
				ASSETCATALOG_COMPILER_APPICON_NAME = AppIcon;
				ASSETCATALOG_COMPILER_GLOBAL_ACCENT_COLOR_NAME = AccentColor;
				CODE_SIGN_STYLE = Automatic;
				CURRENT_PROJECT_VERSION = 1;
				DEVELOPMENT_TEAM = 42823CRJW7;
				GENERATE_INFOPLIST_FILE = YES;
				INFOPLIST_FILE = Travelify/Info.plist;
				INFOPLIST_KEY_NSAppleMusicUsageDescription = "Cho phép mở thư viện";
				INFOPLIST_KEY_NSCameraUsageDescription = "Cho phép mở camera";
				INFOPLIST_KEY_NSMicrophoneUsageDescription = "Cho phép sử dụng micro";
				INFOPLIST_KEY_NSPhotoLibraryUsageDescription = "Cho phép truy cập vào Album Ảnh";
				INFOPLIST_KEY_UIApplicationSupportsIndirectInputEvents = YES;
				INFOPLIST_KEY_UILaunchStoryboardName = LaunchScreen;
				INFOPLIST_KEY_UIMainStoryboardFile = Main;
				INFOPLIST_KEY_UISupportedInterfaceOrientations_iPad = "UIInterfaceOrientationPortrait UIInterfaceOrientationPortraitUpsideDown UIInterfaceOrientationLandscapeLeft UIInterfaceOrientationLandscapeRight";
				INFOPLIST_KEY_UISupportedInterfaceOrientations_iPhone = "UIInterfaceOrientationPortrait UIInterfaceOrientationLandscapeLeft UIInterfaceOrientationLandscapeRight";
				LD_RUNPATH_SEARCH_PATHS = (
					"$(inherited)",
					"@executable_path/Frameworks",
				);
				MARKETING_VERSION = 1.0;
				PRODUCT_BUNDLE_IDENTIFIER = com.tanvm.Travelify;
				PRODUCT_NAME = "$(TARGET_NAME)";
				SWIFT_EMIT_LOC_STRINGS = YES;
				SWIFT_VERSION = 5.0;
				TARGETED_DEVICE_FAMILY = "1,2";
			};
			name = Release;
		};
/* End XCBuildConfiguration section */

/* Begin XCConfigurationList section */
		B483C5972A57FD2A004DD3AA /* Build configuration list for PBXProject "Travelify" */ = {
			isa = XCConfigurationList;
			buildConfigurations = (
				B483C5AE2A57FD2C004DD3AA /* Debug */,
				B483C5AF2A57FD2C004DD3AA /* Release */,
			);
			defaultConfigurationIsVisible = 0;
			defaultConfigurationName = Release;
		};
		B483C5B02A57FD2C004DD3AA /* Build configuration list for PBXNativeTarget "Travelify" */ = {
			isa = XCConfigurationList;
			buildConfigurations = (
				B483C5B12A57FD2C004DD3AA /* Debug */,
				B483C5B22A57FD2C004DD3AA /* Release */,
			);
			defaultConfigurationIsVisible = 0;
			defaultConfigurationName = Release;
		};
/* End XCConfigurationList section */
	};
	rootObject = B483C5942A57FD2A004DD3AA /* Project object */;
}
